
Microsoft Visual Studio Solution File, Format Version 12.00
# Visual Studio 15
VisualStudioVersion = 15.0.27004.2002
MinimumVisualStudioVersion = 10.0.40219.1
Project("{FAE04EC0-301F-11D3-BF4B-00C04F79EFBC}") = "Xrns2XMod", "Xrns2XMod\Xrns2XMod.csproj", "{AB5FF1DC-EA99-4C7A-A980-AD51FBD2B502}"
EndProject
Project("{FAE04EC0-301F-11D3-BF4B-00C04F79EFBC}") = "Xrns2XModUI", "Xrns2XModUI\Xrns2XModUI.csproj", "{15D18276-4A70-41EA-A01B-55E18EC14F1B}"
EndProject
Project("{FAE04EC0-301F-11D3-BF4B-00C04F79EFBC}") = "Xrns2XModCmd", "Xrns2XModCmd\Xrns2XModCmd.csproj", "{66C942C2-D6A7-4FD5-A071-F317E983794F}"
EndProject
Global
	GlobalSection(SolutionConfigurationPlatforms) = preSolution
		Debug|Any CPU = Debug|Any CPU
		Debug|x64 = Debug|x64
		Release|Any CPU = Release|Any CPU
		Release|x64 = Release|x64
	EndGlobalSection
	GlobalSection(ProjectConfigurationPlatforms) = postSolution
		{AB5FF1DC-EA99-4C7A-A980-AD51FBD2B502}.Debug|Any CPU.ActiveCfg = Debug|Any CPU
		{AB5FF1DC-EA99-4C7A-A980-AD51FBD2B502}.Debug|Any CPU.Build.0 = Debug|Any CPU
		{AB5FF1DC-EA99-4C7A-A980-AD51FBD2B502}.Debug|x64.ActiveCfg = Debug|x64
		{AB5FF1DC-EA99-4C7A-A980-AD51FBD2B502}.Debug|x64.Build.0 = Debug|x64
		{AB5FF1DC-EA99-4C7A-A980-AD51FBD2B502}.Release|Any CPU.ActiveCfg = Release|Any CPU
		{AB5FF1DC-EA99-4C7A-A980-AD51FBD2B502}.Release|Any CPU.Build.0 = Release|Any CPU
		{AB5FF1DC-EA99-4C7A-A980-AD51FBD2B502}.Release|x64.ActiveCfg = Release|x64
		{AB5FF1DC-EA99-4C7A-A980-AD51FBD2B502}.Release|x64.Build.0 = Release|x64
		{15D18276-4A70-41EA-A01B-55E18EC14F1B}.Debug|Any CPU.ActiveCfg = Debug|Any CPU
		{15D18276-4A70-41EA-A01B-55E18EC14F1B}.Debug|Any CPU.Build.0 = Debug|Any CPU
		{15D18276-4A70-41EA-A01B-55E18EC14F1B}.Debug|x64.ActiveCfg = Debug|x64
		{15D18276-4A70-41EA-A01B-55E18EC14F1B}.Debug|x64.Build.0 = Debug|x64
		{15D18276-4A70-41EA-A01B-55E18EC14F1B}.Release|Any CPU.ActiveCfg = Release|Any CPU
		{15D18276-4A70-41EA-A01B-55E18EC14F1B}.Release|Any CPU.Build.0 = Release|Any CPU
		{15D18276-4A70-41EA-A01B-55E18EC14F1B}.Release|x64.ActiveCfg = Release|x64
		{15D18276-4A70-41EA-A01B-55E18EC14F1B}.Release|x64.Build.0 = Release|x64
		{66C942C2-D6A7-4FD5-A071-F317E983794F}.Debug|Any CPU.ActiveCfg = Debug|Any CPU
		{66C942C2-D6A7-4FD5-A071-F317E983794F}.Debug|Any CPU.Build.0 = Debug|Any CPU
		{66C942C2-D6A7-4FD5-A071-F317E983794F}.Debug|x64.ActiveCfg = Debug|x64
		{66C942C2-D6A7-4FD5-A071-F317E983794F}.Debug|x64.Build.0 = Debug|x64
		{66C942C2-D6A7-4FD5-A071-F317E983794F}.Release|Any CPU.ActiveCfg = Release|Any CPU
		{66C942C2-D6A7-4FD5-A071-F317E983794F}.Release|Any CPU.Build.0 = Release|Any CPU
		{66C942C2-D6A7-4FD5-A071-F317E983794F}.Release|x64.ActiveCfg = Release|x64
		{66C942C2-D6A7-4FD5-A071-F317E983794F}.Release|x64.Build.0 = Release|x64
	EndGlobalSection
	GlobalSection(SolutionProperties) = preSolution
		HideSolutionNode = FALSE
	EndGlobalSection
	GlobalSection(ExtensibilityGlobals) = postSolution
		SolutionGuid = {DCB99448-8372-4599-B33F-194DA0B4BA38}
	EndGlobalSection
EndGlobal
